
Microsoft Visual Studio Solution File, Format Version 12.00
# Visual Studio Version 17
VisualStudioVersion = 17.8.34511.84
MinimumVisualStudioVersion = 10.0.40219.1
Project("{FAE04EC0-301F-11D3-BF4B-00C04F79EFBC}") = "KshieldVPN", "KshieldVPN.csproj", "{4B4DF062-07B0-444E-9A96-BC71C6C3A525}"
EndProject
Global
	GlobalSection(SolutionConfigurationPlatforms) = preSolution
		Debug|Any CPU = Debug|Any CPU
		Release|Any CPU = Release|Any CPU
	EndGlobalSection
	GlobalSection(ProjectConfigurationPlatforms) = postSolution
		{4B4DF062-07B0-444E-9A96-BC71C6C3A525}.Debug|Any CPU.ActiveCfg = Debug|Any CPU
		{4B4DF062-07B0-444E-9A96-BC71C6C3A525}.Debug|Any CPU.Build.0 = Debug|Any CPU
		{4B4DF062-07B0-444E-9A96-BC71C6C3A525}.Release|Any CPU.ActiveCfg = Release|Any CPU
		{4B4DF062-07B0-444E-9A96-BC71C6C3A525}.Release|Any CPU.Build.0 = Release|Any CPU
	EndGlobalSection
	GlobalSection(SolutionProperties) = preSolution
		HideSolutionNode = FALSE
	EndGlobalSection
	GlobalSection(ExtensibilityGlobals) = postSolution
		SolutionGuid = {50E5AEC9-A389-4E63-A6C3-D8278AC7112E}
	EndGlobalSection
EndGlobal
